// !$*UTF8*$!
{
	archiveVersion = 1;
	classes = {
	};
	objectVersion = 56;
	objects = {

/* Begin PBXBuildFile section */
		F6C9E5682B4EC8A100C3DF88 /* practiceAppApp.swift in Sources */ = {isa = PBXBuildFile; fileRef = F6C9E5672B4EC8A100C3DF88 /* practiceAppApp.swift */; };
		F6C9E56A2B4EC8A100C3DF88 /* ContentView.swift in Sources */ = {isa = PBXBuildFile; fileRef = F6C9E5692B4EC8A100C3DF88 /* ContentView.swift */; };
		F6C9E56C2B4EC8A100C3DF88 /* Item.swift in Sources */ = {isa = PBXBuildFile; fileRef = F6C9E56B2B4EC8A100C3DF88 /* Item.swift */; };
		F6C9E56E2B4EC8A300C3DF88 /* Assets.xcassets in Resources */ = {isa = PBXBuildFile; fileRef = F6C9E56D2B4EC8A300C3DF88 /* Assets.xcassets */; };
		F6C9E5722B4EC8A300C3DF88 /* Preview Assets.xcassets in Resources */ = {isa = PBXBuildFile; fileRef = F6C9E5712B4EC8A300C3DF88 /* Preview Assets.xcassets */; };
		F6C9E57C2B4EC8A400C3DF88 /* practiceAppTests.swift in Sources */ = {isa = PBXBuildFile; fileRef = F6C9E57B2B4EC8A400C3DF88 /* practiceAppTests.swift */; };
		F6C9E5862B4EC8A400C3DF88 /* practiceAppUITests.swift in Sources */ = {isa = PBXBuildFile; fileRef = F6C9E5852B4EC8A400C3DF88 /* practiceAppUITests.swift */; };
		F6C9E5882B4EC8A400C3DF88 /* practiceAppUITestsLaunchTests.swift in Sources */ = {isa = PBXBuildFile; fileRef = F6C9E5872B4EC8A400C3DF88 /* practiceAppUITestsLaunchTests.swift */; };
/* End PBXBuildFile section */

/* Begin PBXContainerItemProxy section */
		F6C9E5782B4EC8A400C3DF88 /* PBXContainerItemProxy */ = {
			isa = PBXContainerItemProxy;
			containerPortal = F6C9E55C2B4EC8A100C3DF88 /* Project object */;
			proxyType = 1;
			remoteGlobalIDString = F6C9E5632B4EC8A100C3DF88;
			remoteInfo = practiceApp;
		};
		F6C9E5822B4EC8A400C3DF88 /* PBXContainerItemProxy */ = {
			isa = PBXContainerItemProxy;
			containerPortal = F6C9E55C2B4EC8A100C3DF88 /* Project object */;
			proxyType = 1;
			remoteGlobalIDString = F6C9E5632B4EC8A100C3DF88;
			remoteInfo = practiceApp;
		};
/* End PBXContainerItemProxy section */

/* Begin PBXFileReference section */
		F6C9E5642B4EC8A100C3DF88 /* practiceApp.app */ = {isa = PBXFileReference; explicitFileType = wrapper.application; includeInIndex = 0; path = practiceApp.app; sourceTree = BUILT_PRODUCTS_DIR; };
		F6C9E5672B4EC8A100C3DF88 /* practiceAppApp.swift */ = {isa = PBXFileReference; lastKnownFileType = sourcecode.swift; path = practiceAppApp.swift; sourceTree = "<group>"; };
		F6C9E5692B4EC8A100C3DF88 /* ContentView.swift */ = {isa = PBXFileReference; lastKnownFileType = sourcecode.swift; path = ContentView.swift; sourceTree = "<group>"; };
		F6C9E56B2B4EC8A100C3DF88 /* Item.swift */ = {isa = PBXFileReference; lastKnownFileType = sourcecode.swift; path = Item.swift; sourceTree = "<group>"; };
		F6C9E56D2B4EC8A300C3DF88 /* Assets.xcassets */ = {isa = PBXFileReference; lastKnownFileType = folder.assetcatalog; path = Assets.xcassets; sourceTree = "<group>"; };
		F6C9E56F2B4EC8A300C3DF88 /* practiceApp.entitlements */ = {isa = PBXFileReference; lastKnownFileType = text.plist.entitlements; path = practiceApp.entitlements; sourceTree = "<group>"; };
		F6C9E5712B4EC8A300C3DF88 /* Preview Assets.xcassets */ = {isa = PBXFileReference; lastKnownFileType = folder.assetcatalog; path = "Preview Assets.xcassets"; sourceTree = "<group>"; };
		F6C9E5772B4EC8A400C3DF88 /* practiceAppTests.xctest */ = {isa = PBXFileReference; explicitFileType = wrapper.cfbundle; includeInIndex = 0; path = practiceAppTests.xctest; sourceTree = BUILT_PRODUCTS_DIR; };
		F6C9E57B2B4EC8A400C3DF88 /* practiceAppTests.swift */ = {isa = PBXFileReference; lastKnownFileType = sourcecode.swift; path = practiceAppTests.swift; sourceTree = "<group>"; };
		F6C9E5812B4EC8A400C3DF88 /* practiceAppUITests.xctest */ = {isa = PBXFileReference; explicitFileType = wrapper.cfbundle; includeInIndex = 0; path = practiceAppUITests.xctest; sourceTree = BUILT_PRODUCTS_DIR; };
		F6C9E5852B4EC8A400C3DF88 /* practiceAppUITests.swift */ = {isa = PBXFileReference; lastKnownFileType = sourcecode.swift; path = practiceAppUITests.swift; sourceTree = "<group>"; };
		F6C9E5872B4EC8A400C3DF88 /* practiceAppUITestsLaunchTests.swift */ = {isa = PBXFileReference; lastKnownFileType = sourcecode.swift; path = practiceAppUITestsLaunchTests.swift; sourceTree = "<group>"; };
/* End PBXFileReference section */

/* Begin PBXFrameworksBuildPhase section */
		F6C9E5612B4EC8A100C3DF88 /* Frameworks */ = {
			isa = PBXFrameworksBuildPhase;
			buildActionMask = 2147483647;
			files = (
			);
			runOnlyForDeploymentPostprocessing = 0;
		};
		F6C9E5742B4EC8A400C3DF88 /* Frameworks */ = {
			isa = PBXFrameworksBuildPhase;
			buildActionMask = 2147483647;
			files = (
			);
			runOnlyForDeploymentPostprocessing = 0;
		};
		F6C9E57E2B4EC8A400C3DF88 /* Frameworks */ = {
			isa = PBXFrameworksBuildPhase;
			buildActionMask = 2147483647;
			files = (
			);
			runOnlyForDeploymentPostprocessing = 0;
		};
/* End PBXFrameworksBuildPhase section */

/* Begin PBXGroup section */
		F6C9E55B2B4EC8A100C3DF88 = {
			isa = PBXGroup;
			children = (
				F6C9E5662B4EC8A100C3DF88 /* practiceApp */,
				F6C9E57A2B4EC8A400C3DF88 /* practiceAppTests */,
				F6C9E5842B4EC8A400C3DF88 /* practiceAppUITests */,
				F6C9E5652B4EC8A100C3DF88 /* Products */,
			);
			sourceTree = "<group>";
		};
		F6C9E5652B4EC8A100C3DF88 /* Products */ = {
			isa = PBXGroup;
			children = (
				F6C9E5642B4EC8A100C3DF88 /* practiceApp.app */,
				F6C9E5772B4EC8A400C3DF88 /* practiceAppTests.xctest */,
				F6C9E5812B4EC8A400C3DF88 /* practiceAppUITests.xctest */,
			);
			name = Products;
			sourceTree = "<group>";
		};
		F6C9E5662B4EC8A100C3DF88 /* practiceApp */ = {
			isa = PBXGroup;
			children = (
				F6C9E5672B4EC8A100C3DF88 /* practiceAppApp.swift */,
				F6C9E5692B4EC8A100C3DF88 /* ContentView.swift */,
				F6C9E56B2B4EC8A100C3DF88 /* Item.swift */,
				F6C9E56D2B4EC8A300C3DF88 /* Assets.xcassets */,
				F6C9E56F2B4EC8A300C3DF88 /* practiceApp.entitlements */,
				F6C9E5702B4EC8A300C3DF88 /* Preview Content */,
			);
			path = practiceApp;
			sourceTree = "<group>";
		};
		F6C9E5702B4EC8A300C3DF88 /* Preview Content */ = {
			isa = PBXGroup;
			children = (
				F6C9E5712B4EC8A300C3DF88 /* Preview Assets.xcassets */,
			);
			path = "Preview Content";
			sourceTree = "<group>";
		};
		F6C9E57A2B4EC8A400C3DF88 /* practiceAppTests */ = {
			isa = PBXGroup;
			children = (
				F6C9E57B2B4EC8A400C3DF88 /* practiceAppTests.swift */,
			);
			path = practiceAppTests;
			sourceTree = "<group>";
		};
		F6C9E5842B4EC8A400C3DF88 /* practiceAppUITests */ = {
			isa = PBXGroup;
			children = (
				F6C9E5852B4EC8A400C3DF88 /* practiceAppUITests.swift */,
				F6C9E5872B4EC8A400C3DF88 /* practiceAppUITestsLaunchTests.swift */,
			);
			path = practiceAppUITests;
			sourceTree = "<group>";
		};
/* End PBXGroup section */

/* Begin PBXNativeTarget section */
		F6C9E5632B4EC8A100C3DF88 /* practiceApp */ = {
			isa = PBXNativeTarget;
			buildConfigurationList = F6C9E58B2B4EC8A400C3DF88 /* Build configuration list for PBXNativeTarget "practiceApp" */;
			buildPhases = (
				F6C9E5602B4EC8A100C3DF88 /* Sources */,
				F6C9E5612B4EC8A100C3DF88 /* Frameworks */,
				F6C9E5622B4EC8A100C3DF88 /* Resources */,
			);
			buildRules = (
			);
			dependencies = (
			);
			name = practiceApp;
			productName = practiceApp;
			productReference = F6C9E5642B4EC8A100C3DF88 /* practiceApp.app */;
			productType = "com.apple.product-type.application";
		};
		F6C9E5762B4EC8A400C3DF88 /* practiceAppTests */ = {
			isa = PBXNativeTarget;
			buildConfigurationList = F6C9E58E2B4EC8A400C3DF88 /* Build configuration list for PBXNativeTarget "practiceAppTests" */;
			buildPhases = (
				F6C9E5732B4EC8A400C3DF88 /* Sources */,
				F6C9E5742B4EC8A400C3DF88 /* Frameworks */,
				F6C9E5752B4EC8A400C3DF88 /* Resources */,
			);
			buildRules = (
			);
			dependencies = (
				F6C9E5792B4EC8A400C3DF88 /* PBXTargetDependency */,
			);
			name = practiceAppTests;
			productName = practiceAppTests;
			productReference = F6C9E5772B4EC8A400C3DF88 /* practiceAppTests.xctest */;
			productType = "com.apple.product-type.bundle.unit-test";
		};
		F6C9E5802B4EC8A400C3DF88 /* practiceAppUITests */ = {
			isa = PBXNativeTarget;
			buildConfigurationList = F6C9E5912B4EC8A400C3DF88 /* Build configuration list for PBXNativeTarget "practiceAppUITests" */;
			buildPhases = (
				F6C9E57D2B4EC8A400C3DF88 /* Sources */,
				F6C9E57E2B4EC8A400C3DF88 /* Frameworks */,
				F6C9E57F2B4EC8A400C3DF88 /* Resources */,
			);
			buildRules = (
			);
			dependencies = (
				F6C9E5832B4EC8A400C3DF88 /* PBXTargetDependency */,
			);
			name = practiceAppUITests;
			productName = practiceAppUITests;
			productReference = F6C9E5812B4EC8A400C3DF88 /* practiceAppUITests.xctest */;
			productType = "com.apple.product-type.bundle.ui-testing";
		};
/* End PBXNativeTarget section */

/* Begin PBXProject section */
		F6C9E55C2B4EC8A100C3DF88 /* Project object */ = {
			isa = PBXProject;
			attributes = {
				BuildIndependentTargetsInParallel = 1;
				LastSwiftUpdateCheck = 1500;
				LastUpgradeCheck = 1500;
				TargetAttributes = {
					F6C9E5632B4EC8A100C3DF88 = {
						CreatedOnToolsVersion = 15.0.1;
					};
					F6C9E5762B4EC8A400C3DF88 = {
						CreatedOnToolsVersion = 15.0.1;
						TestTargetID = F6C9E5632B4EC8A100C3DF88;
					};
					F6C9E5802B4EC8A400C3DF88 = {
						CreatedOnToolsVersion = 15.0.1;
						TestTargetID = F6C9E5632B4EC8A100C3DF88;
					};
				};
			};
			buildConfigurationList = F6C9E55F2B4EC8A100C3DF88 /* Build configuration list for PBXProject "practiceApp" */;
			compatibilityVersion = "Xcode 14.0";
			developmentRegion = en;
			hasScannedForEncodings = 0;
			knownRegions = (
				en,
				Base,
			);
			mainGroup = F6C9E55B2B4EC8A100C3DF88;
			productRefGroup = F6C9E5652B4EC8A100C3DF88 /* Products */;
			projectDirPath = "";
			projectRoot = "";
			targets = (
				F6C9E5632B4EC8A100C3DF88 /* practiceApp */,
				F6C9E5762B4EC8A400C3DF88 /* practiceAppTests */,
				F6C9E5802B4EC8A400C3DF88 /* practiceAppUITests */,
			);
		};
/* End PBXProject section */

/* Begin PBXResourcesBuildPhase section */
		F6C9E5622B4EC8A100C3DF88 /* Resources */ = {
			isa = PBXResourcesBuildPhase;
			buildActionMask = 2147483647;
			files = (
				F6C9E5722B4EC8A300C3DF88 /* Preview Assets.xcassets in Resources */,
				F6C9E56E2B4EC8A300C3DF88 /* Assets.xcassets in Resources */,
			);
			runOnlyForDeploymentPostprocessing = 0;
		};
		F6C9E5752B4EC8A400C3DF88 /* Resources */ = {
			isa = PBXResourcesBuildPhase;
			buildActionMask = 2147483647;
			files = (
			);
			runOnlyForDeploymentPostprocessing = 0;
		};
		F6C9E57F2B4EC8A400C3DF88 /* Resources */ = {
			isa = PBXResourcesBuildPhase;
			buildActionMask = 2147483647;
			files = (
			);
			runOnlyForDeploymentPostprocessing = 0;
		};
/* End PBXResourcesBuildPhase section */

/* Begin PBXSourcesBuildPhase section */
		F6C9E5602B4EC8A100C3DF88 /* Sources */ = {
			isa = PBXSourcesBuildPhase;
			buildActionMask = 2147483647;
			files = (
				F6C9E56A2B4EC8A100C3DF88 /* ContentView.swift in Sources */,
				F6C9E56C2B4EC8A100C3DF88 /* Item.swift in Sources */,
				F6C9E5682B4EC8A100C3DF88 /* practiceAppApp.swift in Sources */,
			);
			runOnlyForDeploymentPostprocessing = 0;
		};
		F6C9E5732B4EC8A400C3DF88 /* Sources */ = {
			isa = PBXSourcesBuildPhase;
			buildActionMask = 2147483647;
			files = (
				F6C9E57C2B4EC8A400C3DF88 /* practiceAppTests.swift in Sources */,
			);
			runOnlyForDeploymentPostprocessing = 0;
		};
		F6C9E57D2B4EC8A400C3DF88 /* Sources */ = {
			isa = PBXSourcesBuildPhase;
			buildActionMask = 2147483647;
			files = (
				F6C9E5862B4EC8A400C3DF88 /* practiceAppUITests.swift in Sources */,
				F6C9E5882B4EC8A400C3DF88 /* practiceAppUITestsLaunchTests.swift in Sources */,
			);
			runOnlyForDeploymentPostprocessing = 0;
		};
/* End PBXSourcesBuildPhase section */

/* Begin PBXTargetDependency section */
		F6C9E5792B4EC8A400C3DF88 /* PBXTargetDependency */ = {
			isa = PBXTargetDependency;
			target = F6C9E5632B4EC8A100C3DF88 /* practiceApp */;
			targetProxy = F6C9E5782B4EC8A400C3DF88 /* PBXContainerItemProxy */;
		};
		F6C9E5832B4EC8A400C3DF88 /* PBXTargetDependency */ = {
			isa = PBXTargetDependency;
			target = F6C9E5632B4EC8A100C3DF88 /* practiceApp */;
			targetProxy = F6C9E5822B4EC8A400C3DF88 /* PBXContainerItemProxy */;
		};
/* End PBXTargetDependency section */

/* Begin XCBuildConfiguration section */
		F6C9E5892B4EC8A400C3DF88 /* Debug */ = {
			isa = XCBuildConfiguration;
			buildSettings = {
				ALWAYS_SEARCH_USER_PATHS = NO;
				ASSETCATALOG_COMPILER_GENERATE_SWIFT_ASSET_SYMBOL_EXTENSIONS = YES;
				CLANG_ANALYZER_NONNULL = YES;
				CLANG_ANALYZER_NUMBER_OBJECT_CONVERSION = YES_AGGRESSIVE;
				CLANG_CXX_LANGUAGE_STANDARD = "gnu++20";
				CLANG_ENABLE_MODULES = YES;
				CLANG_ENABLE_OBJC_ARC = YES;
				CLANG_ENABLE_OBJC_WEAK = YES;
				CLANG_WARN_BLOCK_CAPTURE_AUTORELEASING = YES;
				CLANG_WARN_BOOL_CONVERSION = YES;
				CLANG_WARN_COMMA = YES;
				CLANG_WARN_CONSTANT_CONVERSION = YES;
				CLANG_WARN_DEPRECATED_OBJC_IMPLEMENTATIONS = YES;
				CLANG_WARN_DIRECT_OBJC_ISA_USAGE = YES_ERROR;
				CLANG_WARN_DOCUMENTATION_COMMENTS = YES;
				CLANG_WARN_EMPTY_BODY = YES;
				CLANG_WARN_ENUM_CONVERSION = YES;
				CLANG_WARN_INFINITE_RECURSION = YES;
				CLANG_WARN_INT_CONVERSION = YES;
				CLANG_WARN_NON_LITERAL_NULL_CONVERSION = YES;
				CLANG_WARN_OBJC_IMPLICIT_RETAIN_SELF = YES;
				CLANG_WARN_OBJC_LITERAL_CONVERSION = YES;
				CLANG_WARN_OBJC_ROOT_CLASS = YES_ERROR;
				CLANG_WARN_QUOTED_INCLUDE_IN_FRAMEWORK_HEADER = YES;
				CLANG_WARN_RANGE_LOOP_ANALYSIS = YES;
				CLANG_WARN_STRICT_PROTOTYPES = YES;
				CLANG_WARN_SUSPICIOUS_MOVE = YES;
				CLANG_WARN_UNGUARDED_AVAILABILITY = YES_AGGRESSIVE;
				CLANG_WARN_UNREACHABLE_CODE = YES;
				CLANG_WARN__DUPLICATE_METHOD_MATCH = YES;
				COPY_PHASE_STRIP = NO;
				DEBUG_INFORMATION_FORMAT = dwarf;
				ENABLE_STRICT_OBJC_MSGSEND = YES;
				ENABLE_TESTABILITY = YES;
				ENABLE_USER_SCRIPT_SANDBOXING = YES;
				GCC_C_LANGUAGE_STANDARD = gnu17;
				GCC_DYNAMIC_NO_PIC = NO;
				GCC_NO_COMMON_BLOCKS = YES;
				GCC_OPTIMIZATION_LEVEL = 0;
				GCC_PREPROCESSOR_DEFINITIONS = (
					"DEBUG=1",
					"$(inherited)",
				);
				GCC_WARN_64_TO_32_BIT_CONVERSION = YES;
				GCC_WARN_ABOUT_RETURN_TYPE = YES_ERROR;
				GCC_WARN_UNDECLARED_SELECTOR = YES;
				GCC_WARN_UNINITIALIZED_AUTOS = YES_AGGRESSIVE;
				GCC_WARN_UNUSED_FUNCTION = YES;
				GCC_WARN_UNUSED_VARIABLE = YES;
				LOCALIZATION_PREFERS_STRING_CATALOGS = YES;
				MTL_ENABLE_DEBUG_INFO = INCLUDE_SOURCE;
				MTL_FAST_MATH = YES;
				ONLY_ACTIVE_ARCH = YES;
				SWIFT_ACTIVE_COMPILATION_CONDITIONS = "DEBUG $(inherited)";
				SWIFT_OPTIMIZATION_LEVEL = "-Onone";
			};
			name = Debug;
		};
		F6C9E58A2B4EC8A400C3DF88 /* Release */ = {
			isa = XCBuildConfiguration;
			buildSettings = {
				ALWAYS_SEARCH_USER_PATHS = NO;
				ASSETCATALOG_COMPILER_GENERATE_SWIFT_ASSET_SYMBOL_EXTENSIONS = YES;
				CLANG_ANALYZER_NONNULL = YES;
				CLANG_ANALYZER_NUMBER_OBJECT_CONVERSION = YES_AGGRESSIVE;
				CLANG_CXX_LANGUAGE_STANDARD = "gnu++20";
				CLANG_ENABLE_MODULES = YES;
				CLANG_ENABLE_OBJC_ARC = YES;
				CLANG_ENABLE_OBJC_WEAK = YES;
				CLANG_WARN_BLOCK_CAPTURE_AUTORELEASING = YES;
				CLANG_WARN_BOOL_CONVERSION = YES;
				CLANG_WARN_COMMA = YES;
				CLANG_WARN_CONSTANT_CONVERSION = YES;
				CLANG_WARN_DEPRECATED_OBJC_IMPLEMENTATIONS = YES;
				CLANG_WARN_DIRECT_OBJC_ISA_USAGE = YES_ERROR;
				CLANG_WARN_DOCUMENTATION_COMMENTS = YES;
				CLANG_WARN_EMPTY_BODY = YES;
				CLANG_WARN_ENUM_CONVERSION = YES;
				CLANG_WARN_INFINITE_RECURSION = YES;
				CLANG_WARN_INT_CONVERSION = YES;
				CLANG_WARN_NON_LITERAL_NULL_CONVERSION = YES;
				CLANG_WARN_OBJC_IMPLICIT_RETAIN_SELF = YES;
				CLANG_WARN_OBJC_LITERAL_CONVERSION = YES;
				CLANG_WARN_OBJC_ROOT_CLASS = YES_ERROR;
				CLANG_WARN_QUOTED_INCLUDE_IN_FRAMEWORK_HEADER = YES;
				CLANG_WARN_RANGE_LOOP_ANALYSIS = YES;
				CLANG_WARN_STRICT_PROTOTYPES = YES;
				CLANG_WARN_SUSPICIOUS_MOVE = YES;
				CLANG_WARN_UNGUARDED_AVAILABILITY = YES_AGGRESSIVE;
				CLANG_WARN_UNREACHABLE_CODE = YES;
				CLANG_WARN__DUPLICATE_METHOD_MATCH = YES;
				COPY_PHASE_STRIP = NO;
				DEBUG_INFORMATION_FORMAT = "dwarf-with-dsym";
				ENABLE_NS_ASSERTIONS = NO;
				ENABLE_STRICT_OBJC_MSGSEND = YES;
				ENABLE_USER_SCRIPT_SANDBOXING = YES;
				GCC_C_LANGUAGE_STANDARD = gnu17;
				GCC_NO_COMMON_BLOCKS = YES;
				GCC_WARN_64_TO_32_BIT_CONVERSION = YES;
				GCC_WARN_ABOUT_RETURN_TYPE = YES_ERROR;
				GCC_WARN_UNDECLARED_SELECTOR = YES;
				GCC_WARN_UNINITIALIZED_AUTOS = YES_AGGRESSIVE;
				GCC_WARN_UNUSED_FUNCTION = YES;
				GCC_WARN_UNUSED_VARIABLE = YES;
				LOCALIZATION_PREFERS_STRING_CATALOGS = YES;
				MTL_ENABLE_DEBUG_INFO = NO;
				MTL_FAST_MATH = YES;
				SWIFT_COMPILATION_MODE = wholemodule;
			};
			name = Release;
		};
		F6C9E58C2B4EC8A400C3DF88 /* Debug */ = {
			isa = XCBuildConfiguration;
			buildSettings = {
				ASSETCATALOG_COMPILER_APPICON_NAME = AppIcon;
				ASSETCATALOG_COMPILER_GLOBAL_ACCENT_COLOR_NAME = AccentColor;
				CODE_SIGN_ENTITLEMENTS = practiceApp/practiceApp.entitlements;
				CODE_SIGN_STYLE = Automatic;
				CURRENT_PROJECT_VERSION = 1;
				DEVELOPMENT_ASSET_PATHS = "\"practiceApp/Preview Content\"";
				DEVELOPMENT_TEAM = 72GKML9XGP;
				ENABLE_HARDENED_RUNTIME = YES;
				ENABLE_PREVIEWS = YES;
				GENERATE_INFOPLIST_FILE = YES;
				"INFOPLIST_KEY_UIApplicationSceneManifest_Generation[sdk=iphoneos*]" = YES;
				"INFOPLIST_KEY_UIApplicationSceneManifest_Generation[sdk=iphonesimulator*]" = YES;
				"INFOPLIST_KEY_UIApplicationSupportsIndirectInputEvents[sdk=iphoneos*]" = YES;
				"INFOPLIST_KEY_UIApplicationSupportsIndirectInputEvents[sdk=iphonesimulator*]" = YES;
				"INFOPLIST_KEY_UILaunchScreen_Generation[sdk=iphoneos*]" = YES;
				"INFOPLIST_KEY_UILaunchScreen_Generation[sdk=iphonesimulator*]" = YES;
				"INFOPLIST_KEY_UIStatusBarStyle[sdk=iphoneos*]" = UIStatusBarStyleDefault;
				"INFOPLIST_KEY_UIStatusBarStyle[sdk=iphonesimulator*]" = UIStatusBarStyleDefault;
				INFOPLIST_KEY_UISupportedInterfaceOrientations_iPad = "UIInterfaceOrientationPortrait UIInterfaceOrientationPortraitUpsideDown UIInterfaceOrientationLandscapeLeft UIInterfaceOrientationLandscapeRight";
				INFOPLIST_KEY_UISupportedInterfaceOrientations_iPhone = "UIInterfaceOrientationPortrait UIInterfaceOrientationLandscapeLeft UIInterfaceOrientationLandscapeRight";
				IPHONEOS_DEPLOYMENT_TARGET = 17.0;
				LD_RUNPATH_SEARCH_PATHS = "@executable_path/Frameworks";
				"LD_RUNPATH_SEARCH_PATHS[sdk=macosx*]" = "@executable_path/../Frameworks";
				MACOSX_DEPLOYMENT_TARGET = 14.0;
				MARKETING_VERSION = 1.0;
				PRODUCT_BUNDLE_IDENTIFIER = personal.practiceApp;
				PRODUCT_NAME = "$(TARGET_NAME)";
				SDKROOT = auto;
				SUPPORTED_PLATFORMS = "iphoneos iphonesimulator macosx";
				SWIFT_EMIT_LOC_STRINGS = YES;
				SWIFT_VERSION = 5.0;
				TARGETED_DEVICE_FAMILY = "1,2";
			};
			name = Debug;
		};
		F6C9E58D2B4EC8A400C3DF88 /* Release */ = {
			isa = XCBuildConfiguration;
			buildSettings = {
				ASSETCATALOG_COMPILER_APPICON_NAME = AppIcon;
				ASSETCATALOG_COMPILER_GLOBAL_ACCENT_COLOR_NAME = AccentColor;
				CODE_SIGN_ENTITLEMENTS = practiceApp/practiceApp.entitlements;
				CODE_SIGN_STYLE = Automatic;
				CURRENT_PROJECT_VERSION = 1;
				DEVELOPMENT_ASSET_PATHS = "\"practiceApp/Preview Content\"";
				DEVELOPMENT_TEAM = 72GKML9XGP;
				ENABLE_HARDENED_RUNTIME = YES;
				ENABLE_PREVIEWS = YES;
				GENERATE_INFOPLIST_FILE = YES;
				"INFOPLIST_KEY_UIApplicationSceneManifest_Generation[sdk=iphoneos*]" = YES;
				"INFOPLIST_KEY_UIApplicationSceneManifest_Generation[sdk=iphonesimulator*]" = YES;
				"INFOPLIST_KEY_UIApplicationSupportsIndirectInputEvents[sdk=iphoneos*]" = YES;
				"INFOPLIST_KEY_UIApplicationSupportsIndirectInputEvents[sdk=iphonesimulator*]" = YES;
				"INFOPLIST_KEY_UILaunchScreen_Generation[sdk=iphoneos*]" = YES;
				"INFOPLIST_KEY_UILaunchScreen_Generation[sdk=iphonesimulator*]" = YES;
				"INFOPLIST_KEY_UIStatusBarStyle[sdk=iphoneos*]" = UIStatusBarStyleDefault;
				"INFOPLIST_KEY_UIStatusBarStyle[sdk=iphonesimulator*]" = UIStatusBarStyleDefault;
				INFOPLIST_KEY_UISupportedInterfaceOrientations_iPad = "UIInterfaceOrientationPortrait UIInterfaceOrientationPortraitUpsideDown UIInterfaceOrientationLandscapeLeft UIInterfaceOrientationLandscapeRight";
				INFOPLIST_KEY_UISupportedInterfaceOrientations_iPhone = "UIInterfaceOrientationPortrait UIInterfaceOrientationLandscapeLeft UIInterfaceOrientationLandscapeRight";
				IPHONEOS_DEPLOYMENT_TARGET = 17.0;
				LD_RUNPATH_SEARCH_PATHS = "@executable_path/Frameworks";
				"LD_RUNPATH_SEARCH_PATHS[sdk=macosx*]" = "@executable_path/../Frameworks";
				MACOSX_DEPLOYMENT_TARGET = 14.0;
				MARKETING_VERSION = 1.0;
				PRODUCT_BUNDLE_IDENTIFIER = personal.practiceApp;
				PRODUCT_NAME = "$(TARGET_NAME)";
				SDKROOT = auto;
				SUPPORTED_PLATFORMS = "iphoneos iphonesimulator macosx";
				SWIFT_EMIT_LOC_STRINGS = YES;
				SWIFT_VERSION = 5.0;
				TARGETED_DEVICE_FAMILY = "1,2";
			};
			name = Release;
		};
		F6C9E58F2B4EC8A400C3DF88 /* Debug */ = {
			isa = XCBuildConfiguration;
			buildSettings = {
				ALWAYS_EMBED_SWIFT_STANDARD_LIBRARIES = YES;
				BUNDLE_LOADER = "$(TEST_HOST)";
				CODE_SIGN_STYLE = Automatic;
				CURRENT_PROJECT_VERSION = 1;
				DEVELOPMENT_TEAM = 72GKML9XGP;
				GENERATE_INFOPLIST_FILE = YES;
				IPHONEOS_DEPLOYMENT_TARGET = 17.0;
				MACOSX_DEPLOYMENT_TARGET = 14.0;
				MARKETING_VERSION = 1.0;
				PRODUCT_BUNDLE_IDENTIFIER = personal.practiceAppTests;
				PRODUCT_NAME = "$(TARGET_NAME)";
				SDKROOT = auto;
				SUPPORTED_PLATFORMS = "iphoneos iphonesimulator macosx";
				SWIFT_EMIT_LOC_STRINGS = NO;
				SWIFT_VERSION = 5.0;
				TARGETED_DEVICE_FAMILY = "1,2";
				TEST_HOST = "$(BUILT_PRODUCTS_DIR)/practiceApp.app/$(BUNDLE_EXECUTABLE_FOLDER_PATH)/practiceApp";
			};
			name = Debug;
		};
		F6C9E5902B4EC8A400C3DF88 /* Release */ = {
			isa = XCBuildConfiguration;
			buildSettings = {
				ALWAYS_EMBED_SWIFT_STANDARD_LIBRARIES = YES;
				BUNDLE_LOADER = "$(TEST_HOST)";
				CODE_SIGN_STYLE = Automatic;
				CURRENT_PROJECT_VERSION = 1;
				DEVELOPMENT_TEAM = 72GKML9XGP;
				GENERATE_INFOPLIST_FILE = YES;
				IPHONEOS_DEPLOYMENT_TARGET = 17.0;
				MACOSX_DEPLOYMENT_TARGET = 14.0;
				MARKETING_VERSION = 1.0;
				PRODUCT_BUNDLE_IDENTIFIER = personal.practiceAppTests;
				PRODUCT_NAME = "$(TARGET_NAME)";
				SDKROOT = auto;
				SUPPORTED_PLATFORMS = "iphoneos iphonesimulator macosx";
				SWIFT_EMIT_LOC_STRINGS = NO;
				SWIFT_VERSION = 5.0;
				TARGETED_DEVICE_FAMILY = "1,2";
				TEST_HOST = "$(BUILT_PRODUCTS_DIR)/practiceApp.app/$(BUNDLE_EXECUTABLE_FOLDER_PATH)/practiceApp";
			};
			name = Release;
		};
		F6C9E5922B4EC8A400C3DF88 /* Debug */ = {
			isa = XCBuildConfiguration;
			buildSettings = {
				ALWAYS_EMBED_SWIFT_STANDARD_LIBRARIES = YES;
				CODE_SIGN_STYLE = Automatic;
				CURRENT_PROJECT_VERSION = 1;
				DEVELOPMENT_TEAM = 72GKML9XGP;
				GENERATE_INFOPLIST_FILE = YES;
				IPHONEOS_DEPLOYMENT_TARGET = 17.0;
				MACOSX_DEPLOYMENT_TARGET = 14.0;
				MARKETING_VERSION = 1.0;
				PRODUCT_BUNDLE_IDENTIFIER = personal.practiceAppUITests;
				PRODUCT_NAME = "$(TARGET_NAME)";
				SDKROOT = auto;
				SUPPORTED_PLATFORMS = "iphoneos iphonesimulator macosx";
				SWIFT_EMIT_LOC_STRINGS = NO;
				SWIFT_VERSION = 5.0;
				TARGETED_DEVICE_FAMILY = "1,2";
				TEST_TARGET_NAME = practiceApp;
			};
			name = Debug;
		};
		F6C9E5932B4EC8A400C3DF88 /* Release */ = {
			isa = XCBuildConfiguration;
			buildSettings = {
				ALWAYS_EMBED_SWIFT_STANDARD_LIBRARIES = YES;
				CODE_SIGN_STYLE = Automatic;
				CURRENT_PROJECT_VERSION = 1;
				DEVELOPMENT_TEAM = 72GKML9XGP;
				GENERATE_INFOPLIST_FILE = YES;
				IPHONEOS_DEPLOYMENT_TARGET = 17.0;
				MACOSX_DEPLOYMENT_TARGET = 14.0;
				MARKETING_VERSION = 1.0;
				PRODUCT_BUNDLE_IDENTIFIER = personal.practiceAppUITests;
				PRODUCT_NAME = "$(TARGET_NAME)";
				SDKROOT = auto;
				SUPPORTED_PLATFORMS = "iphoneos iphonesimulator macosx";
				SWIFT_EMIT_LOC_STRINGS = NO;
				SWIFT_VERSION = 5.0;
				TARGETED_DEVICE_FAMILY = "1,2";
				TEST_TARGET_NAME = practiceApp;
			};
			name = Release;
		};
/* End XCBuildConfiguration section */

/* Begin XCConfigurationList section */
		F6C9E55F2B4EC8A100C3DF88 /* Build configuration list for PBXProject "practiceApp" */ = {
			isa = XCConfigurationList;
			buildConfigurations = (
				F6C9E5892B4EC8A400C3DF88 /* Debug */,
				F6C9E58A2B4EC8A400C3DF88 /* Release */,
			);
			defaultConfigurationIsVisible = 0;
			defaultConfigurationName = Release;
		};
		F6C9E58B2B4EC8A400C3DF88 /* Build configuration list for PBXNativeTarget "practiceApp" */ = {
			isa = XCConfigurationList;
			buildConfigurations = (
				F6C9E58C2B4EC8A400C3DF88 /* Debug */,
				F6C9E58D2B4EC8A400C3DF88 /* Release */,
			);
			defaultConfigurationIsVisible = 0;
			defaultConfigurationName = Release;
		};
		F6C9E58E2B4EC8A400C3DF88 /* Build configuration list for PBXNativeTarget "practiceAppTests" */ = {
			isa = XCConfigurationList;
			buildConfigurations = (
				F6C9E58F2B4EC8A400C3DF88 /* Debug */,
				F6C9E5902B4EC8A400C3DF88 /* Release */,
			);
			defaultConfigurationIsVisible = 0;
			defaultConfigurationName = Release;
		};
		F6C9E5912B4EC8A400C3DF88 /* Build configuration list for PBXNativeTarget "practiceAppUITests" */ = {
			isa = XCConfigurationList;
			buildConfigurations = (
				F6C9E5922B4EC8A400C3DF88 /* Debug */,
				F6C9E5932B4EC8A400C3DF88 /* Release */,
			);
			defaultConfigurationIsVisible = 0;
			defaultConfigurationName = Release;
		};
/* End XCConfigurationList section */
	};
	rootObject = F6C9E55C2B4EC8A100C3DF88 /* Project object */;
}
